Microsoft Visual Studio Solution File, Format Version 12.00
# Visual Studio Version 17
VisualStudioVersion = 17.5.2.0
MinimumVisualStudioVersion = 10.0.40219.1
Project("{FAE04EC0-301F-11D3-BF4B-00C04F79EFBC}") = "HvadStemmerDe.backend", "HvadStemmerDe.backend.csproj", "{C52B1C6F-AF68-3F65-CECF-FB858CC5B26E}"
EndProject
Global
	GlobalSection(SolutionConfigurationPlatforms) = preSolution
		Debug|Any CPU = Debug|Any CPU
		Release|Any CPU = Release|Any CPU
	EndGlobalSection
	GlobalSection(ProjectConfigurationPlatforms) = postSolution
		{C52B1C6F-AF68-3F65-CECF-FB858CC5B26E}.Debug|Any CPU.ActiveCfg = Debug|Any CPU
		{C52B1C6F-AF68-3F65-CECF-FB858CC5B26E}.Debug|Any CPU.Build.0 = Debug|Any CPU
		{C52B1C6F-AF68-3F65-CECF-FB858CC5B26E}.Release|Any CPU.ActiveCfg = Release|Any CPU
		{C52B1C6F-AF68-3F65-CECF-FB858CC5B26E}.Release|Any CPU.Build.0 = Release|Any CPU
	EndGlobalSection
	GlobalSection(SolutionProperties) = preSolution
		HideSolutionNode = FALSE
	EndGlobalSection
	GlobalSection(ExtensibilityGlobals) = postSolution
		SolutionGuid = {85394F60-DBB8-42F7-9A07-434EF2DB2225}
	EndGlobalSection
EndGlobal
